
Microsoft Visual Studio Solution File, Format Version 12.00
# Visual Studio Version 17
VisualStudioVersion = 17.11.35222.181
MinimumVisualStudioVersion = 10.0.40219.1
Project("{FAE04EC0-301F-11D3-BF4B-00C04F79EFBC}") = "Приклад 6", "Приклад 6.csproj", "{2B475A0E-5859-4A77-BC88-5251F39CC3D5}"
EndProject
Global
	GlobalSection(SolutionConfigurationPlatforms) = preSolution
		Debug|Any CPU = Debug|Any CPU
		Release|Any CPU = Release|Any CPU
	EndGlobalSection
	GlobalSection(ProjectConfigurationPlatforms) = postSolution
		{2B475A0E-5859-4A77-BC88-5251F39CC3D5}.Debug|Any CPU.ActiveCfg = Debug|Any CPU
		{2B475A0E-5859-4A77-BC88-5251F39CC3D5}.Debug|Any CPU.Build.0 = Debug|Any CPU
		{2B475A0E-5859-4A77-BC88-5251F39CC3D5}.Release|Any CPU.ActiveCfg = Release|Any CPU
		{2B475A0E-5859-4A77-BC88-5251F39CC3D5}.Release|Any CPU.Build.0 = Release|Any CPU
	EndGlobalSection
	GlobalSection(SolutionProperties) = preSolution
		HideSolutionNode = FALSE
	EndGlobalSection
	GlobalSection(ExtensibilityGlobals) = postSolution
		SolutionGuid = {B1B91417-D817-4D48-8913-F7D7205367BF}
	EndGlobalSection
EndGlobal
